// !$*UTF8*$!
{
	archiveVersion = 1;
	classes = {
	};
	objectVersion = 46;
	objects = {

/* Begin PBXBuildFile section */
		504BDD8D157D466C00AABF0F /* MRPBusinessServer.m in Sources */ = {isa = PBXBuildFile; fileRef = 504BDD8C157D466C00AABF0F /* MRPBusinessServer.m */; };
		504BDD91157D485B00AABF0F /* Model.xcdatamodeld in Sources */ = {isa = PBXBuildFile; fileRef = 504BDD8F157D485B00AABF0F /* Model.xcdatamodeld */; };
		504BDDA0157D4AC900AABF0F /* _Photo.m in Sources */ = {isa = PBXBuildFile; fileRef = 504BDD95157D4AC900AABF0F /* _Photo.m */; };
		504BDDA1157D4AC900AABF0F /* _PhotoCategory.m in Sources */ = {isa = PBXBuildFile; fileRef = 504BDD97157D4AC900AABF0F /* _PhotoCategory.m */; };
		504BDDA4157D4AC900AABF0F /* Photo.m in Sources */ = {isa = PBXBuildFile; fileRef = 504BDD9D157D4AC900AABF0F /* Photo.m */; };
		504BDDA5157D4AC900AABF0F /* PhotoCategory.m in Sources */ = {isa = PBXBuildFile; fileRef = 504BDD9F157D4AC900AABF0F /* PhotoCategory.m */; };
		5087D625157CBF1200BFE362 /* UIKit.framework in Frameworks */ = {isa = PBXBuildFile; fileRef = 5087D624157CBF1200BFE362 /* UIKit.framework */; };
		5087D627157CBF1200BFE362 /* Foundation.framework in Frameworks */ = {isa = PBXBuildFile; fileRef = 5087D626157CBF1200BFE362 /* Foundation.framework */; };
		5087D629157CBF1200BFE362 /* CoreGraphics.framework in Frameworks */ = {isa = PBXBuildFile; fileRef = 5087D628157CBF1200BFE362 /* CoreGraphics.framework */; };
		5087D62F157CBF1200BFE362 /* InfoPlist.strings in Resources */ = {isa = PBXBuildFile; fileRef = 5087D62D157CBF1200BFE362 /* InfoPlist.strings */; };
		5087D631157CBF1200BFE362 /* main.m in Sources */ = {isa = PBXBuildFile; fileRef = 5087D630157CBF1200BFE362 /* main.m */; };
		5087D635157CBF1200BFE362 /* MRPAppDelegate.m in Sources */ = {isa = PBXBuildFile; fileRef = 5087D634157CBF1200BFE362 /* MRPAppDelegate.m */; };
		56E34EC3325047C193047447 /* libPods.a in Frameworks */ = {isa = PBXBuildFile; fileRef = DDE8773667B44ABCAC8B6CDA /* libPods.a */; };
/* End PBXBuildFile section */

/* Begin PBXFileReference section */
		504BDD8B157D466C00AABF0F /* MRPBusinessServer.h */ = {isa = PBXFileReference; fileEncoding = 4; lastKnownFileType = sourcecode.c.h; name = MRPBusinessServer.h; path = BusinessServer/MRPBusinessServer.h; sourceTree = "<group>"; };
		504BDD8C157D466C00AABF0F /* MRPBusinessServer.m */ = {isa = PBXFileReference; fileEncoding = 4; lastKnownFileType = sourcecode.c.objc; name = MRPBusinessServer.m; path = BusinessServer/MRPBusinessServer.m; sourceTree = "<group>"; };
		504BDD90157D485B00AABF0F /* Model.xcdatamodel */ = {isa = PBXFileReference; lastKnownFileType = wrapper.xcdatamodel; path = Model.xcdatamodel; sourceTree = "<group>"; };
		504BDD92157D486B00AABF0F /* 1.xcdatamodel */ = {isa = PBXFileReference; lastKnownFileType = wrapper.xcdatamodel; path = 1.xcdatamodel; sourceTree = "<group>"; };
		504BDD94157D4AC900AABF0F /* _Photo.h */ = {isa = PBXFileReference; fileEncoding = 4; lastKnownFileType = sourcecode.c.h; path = _Photo.h; sourceTree = "<group>"; };
		504BDD95157D4AC900AABF0F /* _Photo.m */ = {isa = PBXFileReference; fileEncoding = 4; lastKnownFileType = sourcecode.c.objc; path = _Photo.m; sourceTree = "<group>"; };
		504BDD96157D4AC900AABF0F /* _PhotoCategory.h */ = {isa = PBXFileReference; fileEncoding = 4; lastKnownFileType = sourcecode.c.h; path = _PhotoCategory.h; sourceTree = "<group>"; };
		504BDD97157D4AC900AABF0F /* _PhotoCategory.m */ = {isa = PBXFileReference; fileEncoding = 4; lastKnownFileType = sourcecode.c.objc; path = _PhotoCategory.m; sourceTree = "<group>"; };
		504BDD9C157D4AC900AABF0F /* Photo.h */ = {isa = PBXFileReference; fileEncoding = 4; lastKnownFileType = sourcecode.c.h; name = Photo.h; path = Data/Photo.h; sourceTree = "<group>"; };
		504BDD9D157D4AC900AABF0F /* Photo.m */ = {isa = PBXFileReference; fileEncoding = 4; lastKnownFileType = sourcecode.c.objc; name = Photo.m; path = Data/Photo.m; sourceTree = "<group>"; };
		504BDD9E157D4AC900AABF0F /* PhotoCategory.h */ = {isa = PBXFileReference; fileEncoding = 4; lastKnownFileType = sourcecode.c.h; name = PhotoCategory.h; path = Data/PhotoCategory.h; sourceTree = "<group>"; };
		504BDD9F157D4AC900AABF0F /* PhotoCategory.m */ = {isa = PBXFileReference; fileEncoding = 4; lastKnownFileType = sourcecode.c.objc; name = PhotoCategory.m; path = Data/PhotoCategory.m; sourceTree = "<group>"; };
		5087D620157CBF1100BFE362 /* MagicalRecordPayload.app */ = {isa = PBXFileReference; explicitFileType = wrapper.application; includeInIndex = 0; path = MagicalRecordPayload.app; sourceTree = BUILT_PRODUCTS_DIR; };
		5087D624157CBF1200BFE362 /* UIKit.framework */ = {isa = PBXFileReference; includeInIndex = 1; lastKnownFileType = wrapper.framework; name = UIKit.framework; path = System/Library/Frameworks/UIKit.framework; sourceTree = SDKROOT; };
		5087D626157CBF1200BFE362 /* Foundation.framework */ = {isa = PBXFileReference; includeInIndex = 1; lastKnownFileType = wrapper.framework; name = Foundation.framework; path = System/Library/Frameworks/Foundation.framework; sourceTree = SDKROOT; };
		5087D628157CBF1200BFE362 /* CoreGraphics.framework */ = {isa = PBXFileReference; includeInIndex = 1; lastKnownFileType = wrapper.framework; name = CoreGraphics.framework; path = System/Library/Frameworks/CoreGraphics.framework; sourceTree = SDKROOT; };
		5087D62C157CBF1200BFE362 /* MagicalRecordPayload-Info.plist */ = {isa = PBXFileReference; lastKnownFileType = text.plist.xml; path = "MagicalRecordPayload-Info.plist"; sourceTree = "<group>"; };
		5087D62E157CBF1200BFE362 /* en */ = {isa = PBXFileReference; lastKnownFileType = text.plist.strings; name = en; path = en.lproj/InfoPlist.strings; sourceTree = "<group>"; };
		5087D630157CBF1200BFE362 /* main.m */ = {isa = PBXFileReference; lastKnownFileType = sourcecode.c.objc; path = main.m; sourceTree = "<group>"; };
		5087D632157CBF1200BFE362 /* MagicalRecordPayload-Prefix.pch */ = {isa = PBXFileReference; lastKnownFileType = sourcecode.c.h; path = "MagicalRecordPayload-Prefix.pch"; sourceTree = "<group>"; };
		5087D633157CBF1200BFE362 /* MRPAppDelegate.h */ = {isa = PBXFileReference; lastKnownFileType = sourcecode.c.h; path = MRPAppDelegate.h; sourceTree = "<group>"; };
		5087D634157CBF1200BFE362 /* MRPAppDelegate.m */ = {isa = PBXFileReference; lastKnownFileType = sourcecode.c.objc; path = MRPAppDelegate.m; sourceTree = "<group>"; };
		DDE8773667B44ABCAC8B6CDA /* libPods.a */ = {isa = PBXFileReference; explicitFileType = archive.ar; includeInIndex = 0; path = libPods.a; sourceTree = BUILT_PRODUCTS_DIR; };
		EC85DE16FC0747359AD2DE70 /* Pods.xcconfig */ = {isa = PBXFileReference; includeInIndex = 1; lastKnownFileType = text.xcconfig; name = Pods.xcconfig; path = Pods/Pods.xcconfig; sourceTree = SOURCE_ROOT; };
/* End PBXFileReference section */

/* Begin PBXFrameworksBuildPhase section */
		5087D61D157CBF1100BFE362 /* Frameworks */ = {
			isa = PBXFrameworksBuildPhase;
			buildActionMask = 2147483647;
			files = (
				5087D625157CBF1200BFE362 /* UIKit.framework in Frameworks */,
				5087D627157CBF1200BFE362 /* Foundation.framework in Frameworks */,
				5087D629157CBF1200BFE362 /* CoreGraphics.framework in Frameworks */,
				56E34EC3325047C193047447 /* libPods.a in Frameworks */,
			);
			runOnlyForDeploymentPostprocessing = 0;
		};
/* End PBXFrameworksBuildPhase section */

/* Begin PBXGroup section */
		504BDD89157D462C00AABF0F /* BusinessServer */ = {
			isa = PBXGroup;
			children = (
				504BDD8B157D466C00AABF0F /* MRPBusinessServer.h */,
				504BDD8C157D466C00AABF0F /* MRPBusinessServer.m */,
			);
			name = BusinessServer;
			sourceTree = "<group>";
		};
		504BDD8E157D484000AABF0F /* Data */ = {
			isa = PBXGroup;
			children = (
				504BDD93157D4AC900AABF0F /* Machines */,
				504BDD9C157D4AC900AABF0F /* Photo.h */,
				504BDD9D157D4AC900AABF0F /* Photo.m */,
				504BDD9E157D4AC900AABF0F /* PhotoCategory.h */,
				504BDD9F157D4AC900AABF0F /* PhotoCategory.m */,
				504BDD8F157D485B00AABF0F /* Model.xcdatamodeld */,
			);
			name = Data;
			sourceTree = "<group>";
		};
		504BDD93157D4AC900AABF0F /* Machines */ = {
			isa = PBXGroup;
			children = (
				504BDD94157D4AC900AABF0F /* _Photo.h */,
				504BDD95157D4AC900AABF0F /* _Photo.m */,
				504BDD96157D4AC900AABF0F /* _PhotoCategory.h */,
				504BDD97157D4AC900AABF0F /* _PhotoCategory.m */,
			);
			name = Machines;
			path = Data/Machines;
			sourceTree = "<group>";
		};
		5087D615157CBF1100BFE362 = {
			isa = PBXGroup;
			children = (
				5087D62A157CBF1200BFE362 /* MagicalRecordPayload */,
				5087D623157CBF1200BFE362 /* Frameworks */,
				5087D621157CBF1100BFE362 /* Products */,
				EC85DE16FC0747359AD2DE70 /* Pods.xcconfig */,
			);
			sourceTree = "<group>";
		};
		5087D621157CBF1100BFE362 /* Products */ = {
			isa = PBXGroup;
			children = (
				5087D620157CBF1100BFE362 /* MagicalRecordPayload.app */,
			);
			name = Products;
			sourceTree = "<group>";
		};
		5087D623157CBF1200BFE362 /* Frameworks */ = {
			isa = PBXGroup;
			children = (
				5087D624157CBF1200BFE362 /* UIKit.framework */,
				5087D626157CBF1200BFE362 /* Foundation.framework */,
				5087D628157CBF1200BFE362 /* CoreGraphics.framework */,
				DDE8773667B44ABCAC8B6CDA /* libPods.a */,
			);
			name = Frameworks;
			sourceTree = "<group>";
		};
		5087D62A157CBF1200BFE362 /* MagicalRecordPayload */ = {
			isa = PBXGroup;
			children = (
				504BDD8E157D484000AABF0F /* Data */,
				504BDD89157D462C00AABF0F /* BusinessServer */,
				5087D633157CBF1200BFE362 /* MRPAppDelegate.h */,
				5087D634157CBF1200BFE362 /* MRPAppDelegate.m */,
				5087D62B157CBF1200BFE362 /* Supporting Files */,
			);
			path = MagicalRecordPayload;
			sourceTree = "<group>";
		};
		5087D62B157CBF1200BFE362 /* Supporting Files */ = {
			isa = PBXGroup;
			children = (
				5087D62C157CBF1200BFE362 /* MagicalRecordPayload-Info.plist */,
				5087D62D157CBF1200BFE362 /* InfoPlist.strings */,
				5087D630157CBF1200BFE362 /* main.m */,
				5087D632157CBF1200BFE362 /* MagicalRecordPayload-Prefix.pch */,
			);
			name = "Supporting Files";
			sourceTree = "<group>";
		};
/* End PBXGroup section */

/* Begin PBXNativeTarget section */
		5087D61F157CBF1100BFE362 /* MagicalRecordPayload */ = {
			isa = PBXNativeTarget;
			buildConfigurationList = 5087D641157CBF1200BFE362 /* Build configuration list for PBXNativeTarget "MagicalRecordPayload" */;
			buildPhases = (
				5087D61C157CBF1100BFE362 /* Sources */,
				5087D61D157CBF1100BFE362 /* Frameworks */,
				5087D61E157CBF1100BFE362 /* Resources */,
				5428C51331674955B4D0C2A8 /* Copy Pods Resources */,
			);
			buildRules = (
			);
			dependencies = (
			);
			name = MagicalRecordPayload;
			productName = MagicalRecordPayload;
			productReference = 5087D620157CBF1100BFE362 /* MagicalRecordPayload.app */;
			productType = "com.apple.product-type.application";
		};
/* End PBXNativeTarget section */

/* Begin PBXProject section */
		5087D617157CBF1100BFE362 /* Project object */ = {
			isa = PBXProject;
			attributes = {
				CLASSPREFIX = MRP;
				LastUpgradeCheck = 0430;
				ORGANIZATIONNAME = Home;
			};
			buildConfigurationList = 5087D61A157CBF1100BFE362 /* Build configuration list for PBXProject "MagicalRecordPayload" */;
			compatibilityVersion = "Xcode 3.2";
			developmentRegion = English;
			hasScannedForEncodings = 0;
			knownRegions = (
				en,
			);
			mainGroup = 5087D615157CBF1100BFE362;
			productRefGroup = 5087D621157CBF1100BFE362 /* Products */;
			projectDirPath = "";
			projectRoot = "";
			targets = (
				5087D61F157CBF1100BFE362 /* MagicalRecordPayload */,
			);
		};
/* End PBXProject section */

/* Begin PBXResourcesBuildPhase section */
		5087D61E157CBF1100BFE362 /* Resources */ = {
			isa = PBXResourcesBuildPhase;
			buildActionMask = 2147483647;
			files = (
				5087D62F157CBF1200BFE362 /* InfoPlist.strings in Resources */,
			);
			runOnlyForDeploymentPostprocessing = 0;
		};
/* End PBXResourcesBuildPhase section */

/* Begin PBXShellScriptBuildPhase section */
		5428C51331674955B4D0C2A8 /* Copy Pods Resources */ = {
			isa = PBXShellScriptBuildPhase;
			buildActionMask = 2147483647;
			files = (
			);
			inputPaths = (
			);
			name = "Copy Pods Resources";
			outputPaths = (
			);
			runOnlyForDeploymentPostprocessing = 0;
			shellPath = /bin/sh;
			shellScript = "\"${SRCROOT}/Pods/Pods-resources.sh\"\n";
		};
/* End PBXShellScriptBuildPhase section */

/* Begin PBXSourcesBuildPhase section */
		5087D61C157CBF1100BFE362 /* Sources */ = {
			isa = PBXSourcesBuildPhase;
			buildActionMask = 2147483647;
			files = (
				5087D631157CBF1200BFE362 /* main.m in Sources */,
				5087D635157CBF1200BFE362 /* MRPAppDelegate.m in Sources */,
				504BDD8D157D466C00AABF0F /* MRPBusinessServer.m in Sources */,
				504BDD91157D485B00AABF0F /* Model.xcdatamodeld in Sources */,
				504BDDA0157D4AC900AABF0F /* _Photo.m in Sources */,
				504BDDA1157D4AC900AABF0F /* _PhotoCategory.m in Sources */,
				504BDDA4157D4AC900AABF0F /* Photo.m in Sources */,
				504BDDA5157D4AC900AABF0F /* PhotoCategory.m in Sources */,
			);
			runOnlyForDeploymentPostprocessing = 0;
		};
/* End PBXSourcesBuildPhase section */

/* Begin PBXVariantGroup section */
		5087D62D157CBF1200BFE362 /* InfoPlist.strings */ = {
			isa = PBXVariantGroup;
			children = (
				5087D62E157CBF1200BFE362 /* en */,
			);
			name = InfoPlist.strings;
			sourceTree = "<group>";
		};
/* End PBXVariantGroup section */

/* Begin XCBuildConfiguration section */
		5087D63F157CBF1200BFE362 /* Debug */ = {
			isa = XCBuildConfiguration;
			buildSettings = {
				ALWAYS_SEARCH_USER_PATHS = NO;
				ARCHS = "$(ARCHS_STANDARD_32_BIT)";
				CLANG_ENABLE_OBJC_ARC = YES;
				"CODE_SIGN_IDENTITY[sdk=iphoneos*]" = "iPhone Developer";
				COPY_PHASE_STRIP = NO;
				GCC_C_LANGUAGE_STANDARD = gnu99;
				GCC_DYNAMIC_NO_PIC = NO;
				GCC_OPTIMIZATION_LEVEL = 0;
				GCC_PREPROCESSOR_DEFINITIONS = (
					"DEBUG=1",
					"$(inherited)",
				);
				GCC_SYMBOLS_PRIVATE_EXTERN = NO;
				GCC_VERSION = com.apple.compilers.llvm.clang.1_0;
				GCC_WARN_ABOUT_RETURN_TYPE = YES;
				GCC_WARN_UNINITIALIZED_AUTOS = YES;
				GCC_WARN_UNUSED_VARIABLE = YES;
				IPHONEOS_DEPLOYMENT_TARGET = 5.1;
				SDKROOT = iphoneos;
			};
			name = Debug;
		};
		5087D640157CBF1200BFE362 /* Release */ = {
			isa = XCBuildConfiguration;
			buildSettings = {
				ALWAYS_SEARCH_USER_PATHS = NO;
				ARCHS = "$(ARCHS_STANDARD_32_BIT)";
				CLANG_ENABLE_OBJC_ARC = YES;
				"CODE_SIGN_IDENTITY[sdk=iphoneos*]" = "iPhone Developer";
				COPY_PHASE_STRIP = YES;
				GCC_C_LANGUAGE_STANDARD = gnu99;
				GCC_VERSION = com.apple.compilers.llvm.clang.1_0;
				GCC_WARN_ABOUT_RETURN_TYPE = YES;
				GCC_WARN_UNINITIALIZED_AUTOS = YES;
				GCC_WARN_UNUSED_VARIABLE = YES;
				IPHONEOS_DEPLOYMENT_TARGET = 5.1;
				OTHER_CFLAGS = "-DNS_BLOCK_ASSERTIONS=1";
				SDKROOT = iphoneos;
				VALIDATE_PRODUCT = YES;
			};
			name = Release;
		};
		5087D642157CBF1200BFE362 /* Debug */ = {
			isa = XCBuildConfiguration;
			baseConfigurationReference = EC85DE16FC0747359AD2DE70 /* Pods.xcconfig */;
			buildSettings = {
				GCC_PRECOMPILE_PREFIX_HEADER = YES;
				GCC_PREFIX_HEADER = "MagicalRecordPayload/MagicalRecordPayload-Prefix.pch";
				INFOPLIST_FILE = "MagicalRecordPayload/MagicalRecordPayload-Info.plist";
				PRODUCT_NAME = "$(TARGET_NAME)";
				WRAPPER_EXTENSION = app;
			};
			name = Debug;
		};
		5087D643157CBF1200BFE362 /* Release */ = {
			isa = XCBuildConfiguration;
			baseConfigurationReference = EC85DE16FC0747359AD2DE70 /* Pods.xcconfig */;
			buildSettings = {
				GCC_PRECOMPILE_PREFIX_HEADER = YES;
				GCC_PREFIX_HEADER = "MagicalRecordPayload/MagicalRecordPayload-Prefix.pch";
				INFOPLIST_FILE = "MagicalRecordPayload/MagicalRecordPayload-Info.plist";
				PRODUCT_NAME = "$(TARGET_NAME)";
				WRAPPER_EXTENSION = app;
			};
			name = Release;
		};
/* End XCBuildConfiguration section */

/* Begin XCConfigurationList section */
		5087D61A157CBF1100BFE362 /* Build configuration list for PBXProject "MagicalRecordPayload" */ = {
			isa = XCConfigurationList;
			buildConfigurations = (
				5087D63F157CBF1200BFE362 /* Debug */,
				5087D640157CBF1200BFE362 /* Release */,
			);
			defaultConfigurationIsVisible = 0;
			defaultConfigurationName = Release;
		};
		5087D641157CBF1200BFE362 /* Build configuration list for PBXNativeTarget "MagicalRecordPayload" */ = {
			isa = XCConfigurationList;
			buildConfigurations = (
				5087D642157CBF1200BFE362 /* Debug */,
				5087D643157CBF1200BFE362 /* Release */,
			);
			defaultConfigurationIsVisible = 0;
			defaultConfigurationName = Release;
		};
/* End XCConfigurationList section */

/* Begin XCVersionGroup section */
		504BDD8F157D485B00AABF0F /* Model.xcdatamodeld */ = {
			isa = XCVersionGroup;
			children = (
				504BDD92157D486B00AABF0F /* 1.xcdatamodel */,
				504BDD90157D485B00AABF0F /* Model.xcdatamodel */,
			);
			currentVersion = 504BDD92157D486B00AABF0F /* 1.xcdatamodel */;
			name = Model.xcdatamodeld;
			path = Data/Model.xcdatamodeld;
			sourceTree = "<group>";
			versionGroupType = wrapper.xcdatamodel;
		};
/* End XCVersionGroup section */
	};
	rootObject = 5087D617157CBF1100BFE362 /* Project object */;
}
